<?xml version="1.0" encoding="utf-8"?>
<Project ToolsVersion="4.0" xmlns="http://schemas.microsoft.com/developer/msbuild/2003">
  <ItemGroup>
    <Filter Include="Source Files">
      <UniqueIdentifier>{4FC737F1-C7A5-4376-A066-2A32D752A2FF}</UniqueIdentifier>
      <Extensions>cpp;c;cc;cxx;c++;cppm;ixx;def;odl;idl;hpj;bat;asm;asmx</Extensions>
    </Filter>
    <Filter Include="Header Files">
      <UniqueIdentifier>{93995380-89BD-4b04-88EB-625FBE52EBFB}</UniqueIdentifier>
      <Extensions>h;hh;hpp;hxx;h++;hm;inl;inc;ipp;xsd</Extensions>
    </Filter>
    <Filter Include="Resource Files">
      <UniqueIdentifier>{67DA6AB6-F800-4c08-8B7A-83BB121AAD01}</UniqueIdentifier>
      <Extensions>rc;ico;cur;bmp;dlg;rc2;rct;bin;rgs;gif;jpg;jpeg;jpe;resx;tiff;tif;png;wav;mfcribbon-ms</Extensions>
    </Filter>
  </ItemGroup>
  <ItemGroup>
    <ClCompile Include="openre.cpp">
      <Filter>Source Files</Filter>
    </ClCompile>
    <ClCompile Include="hook.cpp">
      <Filter>Source Files</Filter>
    </ClCompile>
    <ClCompile Include="interop.cpp">
      <Filter>Source Files</Filter>
    </ClCompile>
    <ClCompile Include="scd.cpp">
      <Filter>Source Files</Filter>
    </ClCompile>
    <ClCompile Include="sce.cpp">
      <Filter>Source Files</Filter>
    </ClCompile>
    <ClCompile Include="player.cpp">
      <Filter>Source Files</Filter>
    </ClCompile>
    <ClCompile Include="audio.cpp">
      <Filter>Source Files</Filter>
    </ClCompile>
    <ClCompile Include="file.cpp">
      <Filter>Source Files</Filter>
    </ClCompile>
    <ClCompile Include="hud.cpp">
      <Filter>Source Files</Filter>
    </ClCompile>
    <ClCompile Include="rdt.cpp">
      <Filter>Source Files</Filter>
    </ClCompile>
    <ClCompile Include="door.cpp">
      <Filter>Source Files</Filter>
    </ClCompile>
    <ClCompile Include="marni.cpp">
      <Filter>Source Files</Filter>
    </ClCompile>
    <ClCompile Include="itembox.cpp">
      <Filter>Source Files</Filter>
    </ClCompile>
    <ClCompile Include="input.cpp">
      <Filter>Source Files</Filter>
    </ClCompile>
    <ClCompile Include="camera.cpp">
      <Filter>Source Files</Filter>
    </ClCompile>
    <ClCompile Include="enemy.cpp">
      <Filter>Source Files</Filter>
    </ClCompile>
    <ClCompile Include="em_dog.cpp">
      <Filter>Source Files</Filter>
    </ClCompile>
    <ClCompile Include="entity.cpp">
      <Filter>Source Files</Filter>
    </ClCompile>
    <ClCompile Include="model.cpp">
      <Filter>Source Files</Filter>
    </ClCompile>
    <ClCompile Include="math.cpp">
      <Filter>Source Files</Filter>
    </ClCompile>
    <ClCompile Include="title.cpp">
      <Filter>Source Files</Filter>
    </ClCompile>
    <ClCompile Include="em_spider.cpp">
      <Filter>Source Files</Filter>
    </ClCompile>
    <ClCompile Include="room.cpp">
      <Filter>Source Files</Filter>
    </ClCompile>
    <ClCompile Include="scheduler.cpp">
      <Filter>Source Files</Filter>
    </ClCompile>
    <ClCompile Include="tim.cpp">
      <Filter>Source Files</Filter>
    </ClCompile>
    <ClCompile Include="shell.cpp">
      <Filter>Source Files</Filter>
    </ClCompile>
    <ClCompile Include="mod.cpp">
      <Filter>Source Files</Filter>
    </ClCompile>
    <ClCompile Include="relua.cpp">
      <Filter>Source Files</Filter>
    </ClCompile>
    <ClCompile Include="fswatch.cpp">
      <Filter>Source Files</Filter>
    </ClCompile>
    <ClCompile Include="gfxadt.cpp">
      <Filter>Source Files</Filter>
    </ClCompile>
    <ClCompile Include="gfxbmp.cpp">
      <Filter>Source Files</Filter>
    </ClCompile>
    <ClCompile Include="shellext.cpp">
      <Filter>Source Files</Filter>
    </ClCompile>
    <ClCompile Include="movie.cpp">
      <Filter>Source Files</Filter>
    </ClCompile>
    <ClCompile Include="font.cpp">
      <Filter>Source Files</Filter>
    </ClCompile>
    <ClCompile Include="logger.cpp">
      <Filter>Source Files</Filter>
    </ClCompile>
    <ClCompile Include="resmgr.cpp">
      <Filter>Source Files</Filter>
    </ClCompile>
    <ClCompile Include="pkgconv.cpp">
      <Filter>Source Files</Filter>
    </ClCompile>
    <ClCompile Include="str.cpp">
      <Filter>Source Files</Filter>
    </ClCompile>
    <ClCompile Include="fontbuiltin.cpp">
      <Filter>Source Files</Filter>
    </ClCompile>
    <ClCompile Include="bios.cpp">
      <Filter>Source Files</Filter>
    </ClCompile>
    <ClCompile Include="gfxwebp.cpp">
      <Filter>Source Files</Filter>
    </ClCompile>
  </ItemGroup>
  <ItemGroup>
    <ClInclude Include="interop.hpp">
      <Filter>Header Files</Filter>
    </ClInclude>
    <ClInclude Include="re2.h">
      <Filter>Header Files</Filter>
    </ClInclude>
    <ClInclude Include="scd.h">
      <Filter>Header Files</Filter>
    </ClInclude>
    <ClInclude Include="sce.h">
      <Filter>Header Files</Filter>
    </ClInclude>
    <ClInclude Include="player.h">
      <Filter>Header Files</Filter>
    </ClInclude>
    <ClInclude Include="openre.h">
      <Filter>Header Files</Filter>
    </ClInclude>
    <ClInclude Include="audio.h">
      <Filter>Header Files</Filter>
    </ClInclude>
    <ClInclude Include="hud.h">
      <Filter>Header Files</Filter>
    </ClInclude>
    <ClInclude Include="item.h">
      <Filter>Header Files</Filter>
    </ClInclude>
    <ClInclude Include="rdt.h">
      <Filter>Header Files</Filter>
    </ClInclude>
    <ClInclude Include="door.h">
      <Filter>Header Files</Filter>
    </ClInclude>
    <ClInclude Include="marni.h">
      <Filter>Header Files</Filter>
    </ClInclude>
    <ClInclude Include="itembox.h">
      <Filter>Header Files</Filter>
    </ClInclude>
    <ClInclude Include="input.h">
      <Filter>Header Files</Filter>
    </ClInclude>
    <ClInclude Include="file.h">
      <Filter>Header Files</Filter>
    </ClInclude>
    <ClInclude Include="camera.h">
      <Filter>Header Files</Filter>
    </ClInclude>
    <ClInclude Include="enemy.h">
      <Filter>Header Files</Filter>
    </ClInclude>
    <ClInclude Include="entity.h">
      <Filter>Header Files</Filter>
    </ClInclude>
    <ClInclude Include="model.h">
      <Filter>Header Files</Filter>
    </ClInclude>
    <ClInclude Include="math.h">
      <Filter>Header Files</Filter>
    </ClInclude>
    <ClInclude Include="title.h">
      <Filter>Header Files</Filter>
    </ClInclude>
    <ClInclude Include="room.h">
      <Filter>Header Files</Filter>
    </ClInclude>
    <ClInclude Include="scheduler.h">
      <Filter>Header Files</Filter>
    </ClInclude>
    <ClInclude Include="tim.h">
      <Filter>Header Files</Filter>
    </ClInclude>
    <ClInclude Include="shell.h">
      <Filter>Header Files</Filter>
    </ClInclude>
    <ClInclude Include="relua.h">
      <Filter>Header Files</Filter>
    </ClInclude>
    <ClInclude Include="mod.h">
      <Filter>Header Files</Filter>
    </ClInclude>
    <ClInclude Include="fswatch.h">
      <Filter>Header Files</Filter>
    </ClInclude>
    <ClInclude Include="gfx.h">
      <Filter>Header Files</Filter>
    </ClInclude>
    <ClInclude Include="movie.h">
      <Filter>Header Files</Filter>
    </ClInclude>
    <ClInclude Include="sfx.h">
      <Filter>Header Files</Filter>
    </ClInclude>
    <ClInclude Include="font.h">
      <Filter>Header Files</Filter>
    </ClInclude>
    <ClInclude Include="logger.h">
      <Filter>Header Files</Filter>
    </ClInclude>
    <ClInclude Include="resmgr.h">
      <Filter>Header Files</Filter>
    </ClInclude>
    <ClInclude Include="pkg.h">
      <Filter>Header Files</Filter>
    </ClInclude>
    <ClInclude Include="str.h">
      <Filter>Header Files</Filter>
    </ClInclude>
    <ClInclude Include="data.hpp">
      <Filter>Header Files</Filter>
    </ClInclude>
    <ClInclude Include="bios.h">
      <Filter>Header Files</Filter>
    </ClInclude>
  </ItemGroup>
</Project>